PODS:
  - AFNetworking (3.2.0):
    - AFNetworking/NSURLSession (= 3.2.0)
    - AFNetworking/Reachability (= 3.2.0)
    - AFNetworking/Security (= 3.2.0)
    - AFNetworking/Serialization (= 3.2.0)
    - AFNetworking/UIKit (= 3.2.0)
  - AFNetworking/NSURLSession (3.2.0):
    - AFNetworking/Reachability
    - AFNetworking/Security
    - AFNetworking/Serialization
  - AFNetworking/Reachability (3.2.0)
  - AFNetworking/Security (3.2.0)
  - AFNetworking/Serialization (3.2.0)
  - AFNetworking/UIKit (3.2.0):
    - AFNetworking/NSURLSession
  - Bugly (2.5.0)
  - ChameleonFramework (2.1.0):
    - ChameleonFramework/Default (= 2.1.0)
  - ChameleonFramework/Default (2.1.0)
  - DZNEmptyDataSet (1.8.1)
  - IGListKit (3.1.1):
    - IGListKit/Default (= 3.1.1)
  - IGListKit/Default (3.1.1):
    - IGListKit/Diffing
  - IGListKit/Diffing (3.1.1)
  - KVOController (1.2.0)
  - Masonry (0.6.4)
  - MBProgressHUD (1.0.0)
  - MJRefresh (3.1.15.1)
  - Onboard (2.3.1)
  - SDWebImage (3.7.6):
    - SDWebImage/Core (= 3.7.6)
  - SDWebImage/Core (3.7.6)
  - SocketRocket (0.5.1)
  - YTKNetwork (2.0.4):
    - AFNetworking (~> 3.0)

DEPENDENCIES:
  - AFNetworking (~> 3.0)
  - Bugly
  - ChameleonFramework
  - DZNEmptyDataSet
  - IGListKit (~> 3.0)
  - KVOController
  - Masonry (~> 0.6.3)
  - MBProgressHUD (~> 1.0.0)
  - MJRefresh
  - Onboard
  - SDWebImage (~> 3.7.3)
  - SocketRocket
  - YTKNetwork (~> 2.0.4)

SPEC CHECKSUMS:
  AFNetworking: 8ac6017b94ea105479f7776e5288e48ae9c59bb4
  Bugly: 3ca9f255c01025582df26f9222893b383c7e4b4e
  ChameleonFramework: d21a3cc247abfe5e37609a283a8238b03575cf64
  DZNEmptyDataSet: 9525833b9e68ac21c30253e1d3d7076cc828eaa7
  IGListKit: cb97f405ae43e59fe1da74271e19427ec20d3c07
  KVOController: d72ace34afea42468329623b3379ab3cd1d286b6
  Masonry: 281802d04d787ea2973179ee8bcb50500579ede2
  MBProgressHUD: 4890f671c94e8a0f3cf959aa731e9de2f036d71a
  MJRefresh: 5f8552bc25ca8751c010f621c1098dbdaacbccd6
  Onboard: b6871f25ac753175b2ab9a362fb2feb26a81a311
  SDWebImage: c325cf02c30337336b95beff20a13df489ec0ec9
  SocketRocket: d57c7159b83c3c6655745cd15302aa24b6bae531
  YTKNetwork: df8a7a5597bda1664a4efaa7ef871a818a887fe0

PODFILE CHECKSUM: e4fda257ac8c0daec72aa31046dd35c70b6f7388

COCOAPODS: 1.4.0
